<?xml version="1.0" encoding="utf-8"?>
<Project ToolsVersion="4.0" xmlns="http://schemas.microsoft.com/developer/msbuild/2003">
  <ItemGroup>
    <Filter Include="源文件">
      <UniqueIdentifier>{4FC737F1-C7A5-4376-A066-2A32D752A2FF}</UniqueIdentifier>
      <Extensions>cpp;c;cc;cxx;def;odl;idl;hpj;bat;asm;asmx</Extensions>
    </Filter>
    <Filter Include="头文件">
      <UniqueIdentifier>{93995380-89BD-4b04-88EB-625FBE52EBFB}</UniqueIdentifier>
      <Extensions>h;hpp;hxx;hm;inl;inc;xsd</Extensions>
    </Filter>
    <Filter Include="资源文件">
      <UniqueIdentifier>{67DA6AB6-F800-4c08-8B7A-83BB121AAD01}</UniqueIdentifier>
      <Extensions>rc;ico;cur;bmp;dlg;rc2;rct;bin;rgs;gif;jpg;jpeg;jpe;resx;tiff;tif;png;wav;mfcribbon-ms</Extensions>
    </Filter>
    <Filter Include="HandleException">
      <UniqueIdentifier>{7e5727c6-27a4-4b03-a705-5aec22ded798}</UniqueIdentifier>
    </Filter>
    <Filter Include="Common">
      <UniqueIdentifier>{8a583fc2-08bc-431a-8869-e4103983e251}</UniqueIdentifier>
    </Filter>
    <Filter Include="CCCode">
      <UniqueIdentifier>{1f4b4a89-65d6-4186-8676-a6059fb04026}</UniqueIdentifier>
    </Filter>
  </ItemGroup>
  <ItemGroup>
    <None Include="ReadMe.txt" />
  </ItemGroup>
  <ItemGroup>
    <ClInclude Include="stdafx.h">
      <Filter>头文件</Filter>
    </ClInclude>
    <ClInclude Include="targetver.h">
      <Filter>头文件</Filter>
    </ClInclude>
    <ClInclude Include="CHandleException.h">
      <Filter>HandleException</Filter>
    </ClInclude>
    <ClInclude Include="Common.h">
      <Filter>Common</Filter>
    </ClInclude>
    <ClInclude Include="AVLTree.h">
      <Filter>头文件</Filter>
    </ClInclude>
    <ClInclude Include="disasm.h">
      <Filter>头文件</Filter>
    </ClInclude>
    <ClInclude Include="CCCode.h">
      <Filter>CCCode</Filter>
    </ClInclude>
  </ItemGroup>
  <ItemGroup>
    <ClCompile Include="stdafx.cpp">
      <Filter>源文件</Filter>
    </ClCompile>
    <ClCompile Include="CHandleException.cpp">
      <Filter>HandleException</Filter>
    </ClCompile>
    <ClCompile Include="Common.cpp">
      <Filter>Common</Filter>
    </ClCompile>
    <ClCompile Include="UserInput.cpp">
      <Filter>Common</Filter>
    </ClCompile>
    <ClCompile Include="ShowAsm.cpp">
      <Filter>源文件</Filter>
    </ClCompile>
    <ClCompile Include="Context.cpp">
      <Filter>Common</Filter>
    </ClCompile>
    <ClCompile Include="main.cpp">
      <Filter>Common</Filter>
    </ClCompile>
    <ClCompile Include="asmserv.cpp">
      <Filter>源文件</Filter>
    </ClCompile>
    <ClCompile Include="assembl.cpp">
      <Filter>源文件</Filter>
    </ClCompile>
    <ClCompile Include="disasm.cpp">
      <Filter>源文件</Filter>
    </ClCompile>
    <ClCompile Include="MemPoint.cpp">
      <Filter>HandleException</Filter>
    </ClCompile>
    <ClCompile Include="CCCode.cpp">
      <Filter>CCCode</Filter>
    </ClCompile>
    <ClCompile Include="HardPoint.cpp">
      <Filter>HandleException</Filter>
    </ClCompile>
    <ClCompile Include="OrdPoint.cpp">
      <Filter>HandleException</Filter>
    </ClCompile>
  </ItemGroup>
</Project>